// !$*UTF8*$!
{
	archiveVersion = 1;
	classes = {
	};
	objectVersion = 50;
	objects = {

/* Begin PBXBuildFile section */
		A41D73F024553B92009AA969 /* AppDelegate.m in Sources */ = {isa = PBXBuildFile; fileRef = A41D73EF24553B92009AA969 /* AppDelegate.m */; };
		A41D73F324553B92009AA969 /* SceneDelegate.m in Sources */ = {isa = PBXBuildFile; fileRef = A41D73F224553B92009AA969 /* SceneDelegate.m */; };
		A41D73F624553B92009AA969 /* ViewController.m in Sources */ = {isa = PBXBuildFile; fileRef = A41D73F524553B92009AA969 /* ViewController.m */; };
		A41D73F924553B92009AA969 /* Main.storyboard in Resources */ = {isa = PBXBuildFile; fileRef = A41D73F724553B92009AA969 /* Main.storyboard */; };
		A41D73FB24553B93009AA969 /* Assets.xcassets in Resources */ = {isa = PBXBuildFile; fileRef = A41D73FA24553B93009AA969 /* Assets.xcassets */; };
		A41D73FE24553B93009AA969 /* LaunchScreen.storyboard in Resources */ = {isa = PBXBuildFile; fileRef = A41D73FC24553B93009AA969 /* LaunchScreen.storyboard */; };
		A41D740124553B93009AA969 /* main.m in Sources */ = {isa = PBXBuildFile; fileRef = A41D740024553B93009AA969 /* main.m */; };
		A41D7409245541C8009AA969 /* test1.m in Sources */ = {isa = PBXBuildFile; fileRef = A41D7408245541C8009AA969 /* test1.m */; };
		A41D740C245541F5009AA969 /* test2.m in Sources */ = {isa = PBXBuildFile; fileRef = A41D740B245541F5009AA969 /* test2.m */; };
		A41D740F2455421F009AA969 /* test3.m in Sources */ = {isa = PBXBuildFile; fileRef = A41D740E2455421F009AA969 /* test3.m */; };
		A41D7412245542EA009AA969 /* test4.m in Sources */ = {isa = PBXBuildFile; fileRef = A41D7411245542EA009AA969 /* test4.m */; };
		A41D74182456C482009AA969 /* dev1.m in Sources */ = {isa = PBXBuildFile; fileRef = A41D74172456C482009AA969 /* dev1.m */; };
		A41D741B2456C4B0009AA969 /* dev2.m in Sources */ = {isa = PBXBuildFile; fileRef = A41D741A2456C4B0009AA969 /* dev2.m */; };
		A41D74212456CA8F009AA969 /* dev11.m in Sources */ = {isa = PBXBuildFile; fileRef = A41D74202456CA8F009AA969 /* dev11.m */; };
		A41D74272456CAF5009AA969 /* dev12.m in Sources */ = {isa = PBXBuildFile; fileRef = A41D74262456CAF5009AA969 /* dev12.m */; };
/* End PBXBuildFile section */

/* Begin PBXFileReference section */
		A41D73EB24553B92009AA969 /* TestDemo.app */ = {isa = PBXFileReference; explicitFileType = wrapper.application; includeInIndex = 0; path = TestDemo.app; sourceTree = BUILT_PRODUCTS_DIR; };
		A41D73EE24553B92009AA969 /* AppDelegate.h */ = {isa = PBXFileReference; lastKnownFileType = sourcecode.c.h; path = AppDelegate.h; sourceTree = "<group>"; };
		A41D73EF24553B92009AA969 /* AppDelegate.m */ = {isa = PBXFileReference; lastKnownFileType = sourcecode.c.objc; path = AppDelegate.m; sourceTree = "<group>"; };
		A41D73F124553B92009AA969 /* SceneDelegate.h */ = {isa = PBXFileReference; lastKnownFileType = sourcecode.c.h; path = SceneDelegate.h; sourceTree = "<group>"; };
		A41D73F224553B92009AA969 /* SceneDelegate.m */ = {isa = PBXFileReference; lastKnownFileType = sourcecode.c.objc; path = SceneDelegate.m; sourceTree = "<group>"; };
		A41D73F424553B92009AA969 /* ViewController.h */ = {isa = PBXFileReference; lastKnownFileType = sourcecode.c.h; path = ViewController.h; sourceTree = "<group>"; };
		A41D73F524553B92009AA969 /* ViewController.m */ = {isa = PBXFileReference; lastKnownFileType = sourcecode.c.objc; path = ViewController.m; sourceTree = "<group>"; };
		A41D73F824553B92009AA969 /* Base */ = {isa = PBXFileReference; lastKnownFileType = file.storyboard; name = Base; path = Base.lproj/Main.storyboard; sourceTree = "<group>"; };
		A41D73FA24553B93009AA969 /* Assets.xcassets */ = {isa = PBXFileReference; lastKnownFileType = folder.assetcatalog; path = Assets.xcassets; sourceTree = "<group>"; };
		A41D73FD24553B93009AA969 /* Base */ = {isa = PBXFileReference; lastKnownFileType = file.storyboard; name = Base; path = Base.lproj/LaunchScreen.storyboard; sourceTree = "<group>"; };
		A41D73FF24553B93009AA969 /* Info.plist */ = {isa = PBXFileReference; lastKnownFileType = text.plist.xml; path = Info.plist; sourceTree = "<group>"; };
		A41D740024553B93009AA969 /* main.m */ = {isa = PBXFileReference; lastKnownFileType = sourcecode.c.objc; path = main.m; sourceTree = "<group>"; };
		A41D7407245541C8009AA969 /* test1.h */ = {isa = PBXFileReference; lastKnownFileType = sourcecode.c.h; path = test1.h; sourceTree = "<group>"; };
		A41D7408245541C8009AA969 /* test1.m */ = {isa = PBXFileReference; lastKnownFileType = sourcecode.c.objc; path = test1.m; sourceTree = "<group>"; };
		A41D740A245541F5009AA969 /* test2.h */ = {isa = PBXFileReference; lastKnownFileType = sourcecode.c.h; path = test2.h; sourceTree = "<group>"; };
		A41D740B245541F5009AA969 /* test2.m */ = {isa = PBXFileReference; lastKnownFileType = sourcecode.c.objc; path = test2.m; sourceTree = "<group>"; };
		A41D740D2455421F009AA969 /* test3.h */ = {isa = PBXFileReference; lastKnownFileType = sourcecode.c.h; path = test3.h; sourceTree = "<group>"; };
		A41D740E2455421F009AA969 /* test3.m */ = {isa = PBXFileReference; lastKnownFileType = sourcecode.c.objc; path = test3.m; sourceTree = "<group>"; };
		A41D7410245542EA009AA969 /* test4.h */ = {isa = PBXFileReference; lastKnownFileType = sourcecode.c.h; path = test4.h; sourceTree = "<group>"; };
		A41D7411245542EA009AA969 /* test4.m */ = {isa = PBXFileReference; lastKnownFileType = sourcecode.c.objc; path = test4.m; sourceTree = "<group>"; };
		A41D74162456C482009AA969 /* dev1.h */ = {isa = PBXFileReference; lastKnownFileType = sourcecode.c.h; path = dev1.h; sourceTree = "<group>"; };
		A41D74172456C482009AA969 /* dev1.m */ = {isa = PBXFileReference; lastKnownFileType = sourcecode.c.objc; path = dev1.m; sourceTree = "<group>"; };
		A41D74192456C4B0009AA969 /* dev2.h */ = {isa = PBXFileReference; lastKnownFileType = sourcecode.c.h; path = dev2.h; sourceTree = "<group>"; };
		A41D741A2456C4B0009AA969 /* dev2.m */ = {isa = PBXFileReference; lastKnownFileType = sourcecode.c.objc; path = dev2.m; sourceTree = "<group>"; };
		A41D741F2456CA8F009AA969 /* dev11.h */ = {isa = PBXFileReference; lastKnownFileType = sourcecode.c.h; path = dev11.h; sourceTree = "<group>"; };
		A41D74202456CA8F009AA969 /* dev11.m */ = {isa = PBXFileReference; lastKnownFileType = sourcecode.c.objc; path = dev11.m; sourceTree = "<group>"; };
		A41D74252456CAF5009AA969 /* dev12.h */ = {isa = PBXFileReference; lastKnownFileType = sourcecode.c.h; path = dev12.h; sourceTree = "<group>"; };
		A41D74262456CAF5009AA969 /* dev12.m */ = {isa = PBXFileReference; lastKnownFileType = sourcecode.c.objc; path = dev12.m; sourceTree = "<group>"; };
/* End PBXFileReference section */

/* Begin PBXFrameworksBuildPhase section */
		A41D73E824553B92009AA969 /* Frameworks */ = {
			isa = PBXFrameworksBuildPhase;
			buildActionMask = 2147483647;
			files = (
			);
			runOnlyForDeploymentPostprocessing = 0;
		};
/* End PBXFrameworksBuildPhase section */

/* Begin PBXGroup section */
		A41D73E224553B92009AA969 = {
			isa = PBXGroup;
			children = (
				A41D73ED24553B92009AA969 /* TestDemo */,
				A41D73EC24553B92009AA969 /* Products */,
			);
			sourceTree = "<group>";
		};
		A41D73EC24553B92009AA969 /* Products */ = {
			isa = PBXGroup;
			children = (
				A41D73EB24553B92009AA969 /* TestDemo.app */,
			);
			name = Products;
			sourceTree = "<group>";
		};
		A41D73ED24553B92009AA969 /* TestDemo */ = {
			isa = PBXGroup;
			children = (
				A41D73EE24553B92009AA969 /* AppDelegate.h */,
				A41D73EF24553B92009AA969 /* AppDelegate.m */,
				A41D73F124553B92009AA969 /* SceneDelegate.h */,
				A41D73F224553B92009AA969 /* SceneDelegate.m */,
				A41D73F424553B92009AA969 /* ViewController.h */,
				A41D73F524553B92009AA969 /* ViewController.m */,
				A41D73F724553B92009AA969 /* Main.storyboard */,
				A41D73FA24553B93009AA969 /* Assets.xcassets */,
				A41D73FC24553B93009AA969 /* LaunchScreen.storyboard */,
				A41D73FF24553B93009AA969 /* Info.plist */,
				A41D740024553B93009AA969 /* main.m */,
				A41D7410245542EA009AA969 /* test4.h */,
				A41D7411245542EA009AA969 /* test4.m */,
				A41D7407245541C8009AA969 /* test1.h */,
				A41D7408245541C8009AA969 /* test1.m */,
				A41D740A245541F5009AA969 /* test2.h */,
				A41D740B245541F5009AA969 /* test2.m */,
				A41D740D2455421F009AA969 /* test3.h */,
				A41D740E2455421F009AA969 /* test3.m */,
				A41D74162456C482009AA969 /* dev1.h */,
				A41D74172456C482009AA969 /* dev1.m */,
				A41D74192456C4B0009AA969 /* dev2.h */,
				A41D741A2456C4B0009AA969 /* dev2.m */,
				A41D741F2456CA8F009AA969 /* dev11.h */,
				A41D74202456CA8F009AA969 /* dev11.m */,
				A41D74252456CAF5009AA969 /* dev12.h */,
				A41D74262456CAF5009AA969 /* dev12.m */,
			);
			path = TestDemo;
			sourceTree = "<group>";
		};
/* End PBXGroup section */

/* Begin PBXNativeTarget section */
		A41D73EA24553B92009AA969 /* TestDemo */ = {
			isa = PBXNativeTarget;
			buildConfigurationList = A41D740424553B93009AA969 /* Build configuration list for PBXNativeTarget "TestDemo" */;
			buildPhases = (
				A41D73E724553B92009AA969 /* Sources */,
				A41D73E824553B92009AA969 /* Frameworks */,
				A41D73E924553B92009AA969 /* Resources */,
			);
			buildRules = (
			);
			dependencies = (
			);
			name = TestDemo;
			productName = TestDemo;
			productReference = A41D73EB24553B92009AA969 /* TestDemo.app */;
			productType = "com.apple.product-type.application";
		};
/* End PBXNativeTarget section */

/* Begin PBXProject section */
		A41D73E324553B92009AA969 /* Project object */ = {
			isa = PBXProject;
			attributes = {
				LastUpgradeCheck = 1130;
				ORGANIZATIONNAME = lilei;
				TargetAttributes = {
					A41D73EA24553B92009AA969 = {
						CreatedOnToolsVersion = 11.3.1;
					};
				};
			};
			buildConfigurationList = A41D73E624553B92009AA969 /* Build configuration list for PBXProject "TestDemo" */;
			compatibilityVersion = "Xcode 9.3";
			developmentRegion = en;
			hasScannedForEncodings = 0;
			knownRegions = (
				en,
				Base,
			);
			mainGroup = A41D73E224553B92009AA969;
			productRefGroup = A41D73EC24553B92009AA969 /* Products */;
			projectDirPath = "";
			projectRoot = "";
			targets = (
				A41D73EA24553B92009AA969 /* TestDemo */,
			);
		};
/* End PBXProject section */

/* Begin PBXResourcesBuildPhase section */
		A41D73E924553B92009AA969 /* Resources */ = {
			isa = PBXResourcesBuildPhase;
			buildActionMask = 2147483647;
			files = (
				A41D73FE24553B93009AA969 /* LaunchScreen.storyboard in Resources */,
				A41D73FB24553B93009AA969 /* Assets.xcassets in Resources */,
				A41D73F924553B92009AA969 /* Main.storyboard in Resources */,
			);
			runOnlyForDeploymentPostprocessing = 0;
		};
/* End PBXResourcesBuildPhase section */

/* Begin PBXSourcesBuildPhase section */
		A41D73E724553B92009AA969 /* Sources */ = {
			isa = PBXSourcesBuildPhase;
			buildActionMask = 2147483647;
			files = (
				A41D74272456CAF5009AA969 /* dev12.m in Sources */,
				A41D74212456CA8F009AA969 /* dev11.m in Sources */,
				A41D741B2456C4B0009AA969 /* dev2.m in Sources */,
				A41D740C245541F5009AA969 /* test2.m in Sources */,
				A41D740F2455421F009AA969 /* test3.m in Sources */,
				A41D73F624553B92009AA969 /* ViewController.m in Sources */,
				A41D73F024553B92009AA969 /* AppDelegate.m in Sources */,
				A41D7412245542EA009AA969 /* test4.m in Sources */,
				A41D74182456C482009AA969 /* dev1.m in Sources */,
				A41D740124553B93009AA969 /* main.m in Sources */,
				A41D73F324553B92009AA969 /* SceneDelegate.m in Sources */,
				A41D7409245541C8009AA969 /* test1.m in Sources */,
			);
			runOnlyForDeploymentPostprocessing = 0;
		};
/* End PBXSourcesBuildPhase section */

/* Begin PBXVariantGroup section */
		A41D73F724553B92009AA969 /* Main.storyboard */ = {
			isa = PBXVariantGroup;
			children = (
				A41D73F824553B92009AA969 /* Base */,
			);
			name = Main.storyboard;
			sourceTree = "<group>";
		};
		A41D73FC24553B93009AA969 /* LaunchScreen.storyboard */ = {
			isa = PBXVariantGroup;
			children = (
				A41D73FD24553B93009AA969 /* Base */,
			);
			name = LaunchScreen.storyboard;
			sourceTree = "<group>";
		};
/* End PBXVariantGroup section */

/* Begin XCBuildConfiguration section */
		A41D740224553B93009AA969 /* Debug */ = {
			isa = XCBuildConfiguration;
			buildSettings = {
				ALWAYS_SEARCH_USER_PATHS = NO;
				CLANG_ANALYZER_NONNULL = YES;
				CLANG_ANALYZER_NUMBER_OBJECT_CONVERSION = YES_AGGRESSIVE;
				CLANG_CXX_LANGUAGE_STANDARD = "gnu++14";
				CLANG_CXX_LIBRARY = "libc++";
				CLANG_ENABLE_MODULES = YES;
				CLANG_ENABLE_OBJC_ARC = YES;
				CLANG_ENABLE_OBJC_WEAK = YES;
				CLANG_WARN_BLOCK_CAPTURE_AUTORELEASING = YES;
				CLANG_WARN_BOOL_CONVERSION = YES;
				CLANG_WARN_COMMA = YES;
				CLANG_WARN_CONSTANT_CONVERSION = YES;
				CLANG_WARN_DEPRECATED_OBJC_IMPLEMENTATIONS = YES;
				CLANG_WARN_DIRECT_OBJC_ISA_USAGE = YES_ERROR;
				CLANG_WARN_DOCUMENTATION_COMMENTS = YES;
				CLANG_WARN_EMPTY_BODY = YES;
				CLANG_WARN_ENUM_CONVERSION = YES;
				CLANG_WARN_INFINITE_RECURSION = YES;
				CLANG_WARN_INT_CONVERSION = YES;
				CLANG_WARN_NON_LITERAL_NULL_CONVERSION = YES;
				CLANG_WARN_OBJC_IMPLICIT_RETAIN_SELF = YES;
				CLANG_WARN_OBJC_LITERAL_CONVERSION = YES;
				CLANG_WARN_OBJC_ROOT_CLASS = YES_ERROR;
				CLANG_WARN_RANGE_LOOP_ANALYSIS = YES;
				CLANG_WARN_STRICT_PROTOTYPES = YES;
				CLANG_WARN_SUSPICIOUS_MOVE = YES;
				CLANG_WARN_UNGUARDED_AVAILABILITY = YES_AGGRESSIVE;
				CLANG_WARN_UNREACHABLE_CODE = YES;
				CLANG_WARN__DUPLICATE_METHOD_MATCH = YES;
				COPY_PHASE_STRIP = NO;
				DEBUG_INFORMATION_FORMAT = dwarf;
				ENABLE_STRICT_OBJC_MSGSEND = YES;
				ENABLE_TESTABILITY = YES;
				GCC_C_LANGUAGE_STANDARD = gnu11;
				GCC_DYNAMIC_NO_PIC = NO;
				GCC_NO_COMMON_BLOCKS = YES;
				GCC_OPTIMIZATION_LEVEL = 0;
				GCC_PREPROCESSOR_DEFINITIONS = (
					"DEBUG=1",
					"$(inherited)",
				);
				GCC_WARN_64_TO_32_BIT_CONVERSION = YES;
				GCC_WARN_ABOUT_RETURN_TYPE = YES_ERROR;
				GCC_WARN_UNDECLARED_SELECTOR = YES;
				GCC_WARN_UNINITIALIZED_AUTOS = YES_AGGRESSIVE;
				GCC_WARN_UNUSED_FUNCTION = YES;
				GCC_WARN_UNUSED_VARIABLE = YES;
				IPHONEOS_DEPLOYMENT_TARGET = 13.2;
				MTL_ENABLE_DEBUG_INFO = INCLUDE_SOURCE;
				MTL_FAST_MATH = YES;
				ONLY_ACTIVE_ARCH = YES;
				SDKROOT = iphoneos;
			};
			name = Debug;
		};
		A41D740324553B93009AA969 /* Release */ = {
			isa = XCBuildConfiguration;
			buildSettings = {
				ALWAYS_SEARCH_USER_PATHS = NO;
				CLANG_ANALYZER_NONNULL = YES;
				CLANG_ANALYZER_NUMBER_OBJECT_CONVERSION = YES_AGGRESSIVE;
				CLANG_CXX_LANGUAGE_STANDARD = "gnu++14";
				CLANG_CXX_LIBRARY = "libc++";
				CLANG_ENABLE_MODULES = YES;
				CLANG_ENABLE_OBJC_ARC = YES;
				CLANG_ENABLE_OBJC_WEAK = YES;
				CLANG_WARN_BLOCK_CAPTURE_AUTORELEASING = YES;
				CLANG_WARN_BOOL_CONVERSION = YES;
				CLANG_WARN_COMMA = YES;
				CLANG_WARN_CONSTANT_CONVERSION = YES;
				CLANG_WARN_DEPRECATED_OBJC_IMPLEMENTATIONS = YES;
				CLANG_WARN_DIRECT_OBJC_ISA_USAGE = YES_ERROR;
				CLANG_WARN_DOCUMENTATION_COMMENTS = YES;
				CLANG_WARN_EMPTY_BODY = YES;
				CLANG_WARN_ENUM_CONVERSION = YES;
				CLANG_WARN_INFINITE_RECURSION = YES;
				CLANG_WARN_INT_CONVERSION = YES;
				CLANG_WARN_NON_LITERAL_NULL_CONVERSION = YES;
				CLANG_WARN_OBJC_IMPLICIT_RETAIN_SELF = YES;
				CLANG_WARN_OBJC_LITERAL_CONVERSION = YES;
				CLANG_WARN_OBJC_ROOT_CLASS = YES_ERROR;
				CLANG_WARN_RANGE_LOOP_ANALYSIS = YES;
				CLANG_WARN_STRICT_PROTOTYPES = YES;
				CLANG_WARN_SUSPICIOUS_MOVE = YES;
				CLANG_WARN_UNGUARDED_AVAILABILITY = YES_AGGRESSIVE;
				CLANG_WARN_UNREACHABLE_CODE = YES;
				CLANG_WARN__DUPLICATE_METHOD_MATCH = YES;
				COPY_PHASE_STRIP = NO;
				DEBUG_INFORMATION_FORMAT = "dwarf-with-dsym";
				ENABLE_NS_ASSERTIONS = NO;
				ENABLE_STRICT_OBJC_MSGSEND = YES;
				GCC_C_LANGUAGE_STANDARD = gnu11;
				GCC_NO_COMMON_BLOCKS = YES;
				GCC_WARN_64_TO_32_BIT_CONVERSION = YES;
				GCC_WARN_ABOUT_RETURN_TYPE = YES_ERROR;
				GCC_WARN_UNDECLARED_SELECTOR = YES;
				GCC_WARN_UNINITIALIZED_AUTOS = YES_AGGRESSIVE;
				GCC_WARN_UNUSED_FUNCTION = YES;
				GCC_WARN_UNUSED_VARIABLE = YES;
				IPHONEOS_DEPLOYMENT_TARGET = 13.2;
				MTL_ENABLE_DEBUG_INFO = NO;
				MTL_FAST_MATH = YES;
				SDKROOT = iphoneos;
				VALIDATE_PRODUCT = YES;
			};
			name = Release;
		};
		A41D740524553B93009AA969 /* Debug */ = {
			isa = XCBuildConfiguration;
			buildSettings = {
				ASSETCATALOG_COMPILER_APPICON_NAME = AppIcon;
				CODE_SIGN_STYLE = Automatic;
				DEVELOPMENT_TEAM = 784XWSH8CG;
				INFOPLIST_FILE = TestDemo/Info.plist;
				LD_RUNPATH_SEARCH_PATHS = (
					"$(inherited)",
					"@executable_path/Frameworks",
				);
				PRODUCT_BUNDLE_IDENTIFIER = com.aixuexi.TestDemo;
				PRODUCT_NAME = "$(TARGET_NAME)";
				TARGETED_DEVICE_FAMILY = "1,2";
			};
			name = Debug;
		};
		A41D740624553B93009AA969 /* Release */ = {
			isa = XCBuildConfiguration;
			buildSettings = {
				ASSETCATALOG_COMPILER_APPICON_NAME = AppIcon;
				CODE_SIGN_STYLE = Automatic;
				DEVELOPMENT_TEAM = 784XWSH8CG;
				INFOPLIST_FILE = TestDemo/Info.plist;
				LD_RUNPATH_SEARCH_PATHS = (
					"$(inherited)",
					"@executable_path/Frameworks",
				);
				PRODUCT_BUNDLE_IDENTIFIER = com.aixuexi.TestDemo;
				PRODUCT_NAME = "$(TARGET_NAME)";
				TARGETED_DEVICE_FAMILY = "1,2";
			};
			name = Release;
		};
/* End XCBuildConfiguration section */

/* Begin XCConfigurationList section */
		A41D73E624553B92009AA969 /* Build configuration list for PBXProject "TestDemo" */ = {
			isa = XCConfigurationList;
			buildConfigurations = (
				A41D740224553B93009AA969 /* Debug */,
				A41D740324553B93009AA969 /* Release */,
			);
			defaultConfigurationIsVisible = 0;
			defaultConfigurationName = Release;
		};
		A41D740424553B93009AA969 /* Build configuration list for PBXNativeTarget "TestDemo" */ = {
			isa = XCConfigurationList;
			buildConfigurations = (
				A41D740524553B93009AA969 /* Debug */,
				A41D740624553B93009AA969 /* Release */,
			);
			defaultConfigurationIsVisible = 0;
			defaultConfigurationName = Release;
		};
/* End XCConfigurationList section */
	};
	rootObject = A41D73E324553B92009AA969 /* Project object */;
}
